// !$*UTF8*$!
{
	archiveVersion = 1;
	classes = {
	};
	objectVersion = 77;
	objects = {

/* Begin PBXContainerItemProxy section */
		73B1E6002E1FE52B00DBB7C5 /* PBXContainerItemProxy */ = {
			isa = PBXContainerItemProxy;
			containerPortal = 73B1E5EA2E1FE52A00DBB7C5 /* Project object */;
			proxyType = 1;
			remoteGlobalIDString = 73B1E5F12E1FE52A00DBB7C5;
			remoteInfo = PushTest;
		};
		73B1E60A2E1FE52B00DBB7C5 /* PBXContainerItemProxy */ = {
			isa = PBXContainerItemProxy;
			containerPortal = 73B1E5EA2E1FE52A00DBB7C5 /* Project object */;
			proxyType = 1;
			remoteGlobalIDString = 73B1E5F12E1FE52A00DBB7C5;
			remoteInfo = PushTest;
		};
/* End PBXContainerItemProxy section */

/* Begin PBXFileReference section */
		73B1E5F22E1FE52A00DBB7C5 /* PushTest.app */ = {isa = PBXFileReference; explicitFileType = wrapper.application; includeInIndex = 0; path = PushTest.app; sourceTree = BUILT_PRODUCTS_DIR; };
		73B1E5FF2E1FE52B00DBB7C5 /* PushTestTests.xctest */ = {isa = PBXFileReference; explicitFileType = wrapper.cfbundle; includeInIndex = 0; path = PushTestTests.xctest; sourceTree = BUILT_PRODUCTS_DIR; };
		73B1E6092E1FE52B00DBB7C5 /* PushTestUITests.xctest */ = {isa = PBXFileReference; explicitFileType = wrapper.cfbundle; includeInIndex = 0; path = PushTestUITests.xctest; sourceTree = BUILT_PRODUCTS_DIR; };
/* End PBXFileReference section */

/* Begin PBXFileSystemSynchronizedBuildFileExceptionSet section */
		73B1E67B2E1FF3E000DBB7C5 /* Exceptions for "PushTest" folder in "PushTest" target */ = {
			isa = PBXFileSystemSynchronizedBuildFileExceptionSet;
			membershipExceptions = (
				Info.plist,
			);
			target = 73B1E5F12E1FE52A00DBB7C5 /* PushTest */;
		};
/* End PBXFileSystemSynchronizedBuildFileExceptionSet section */

/* Begin PBXFileSystemSynchronizedRootGroup section */
		73B1E5F42E1FE52A00DBB7C5 /* PushTest */ = {
			isa = PBXFileSystemSynchronizedRootGroup;
			exceptions = (
				73B1E67B2E1FF3E000DBB7C5 /* Exceptions for "PushTest" folder in "PushTest" target */,
			);
			path = PushTest;
			sourceTree = "<group>";
		};
		73B1E6022E1FE52B00DBB7C5 /* PushTestTests */ = {
			isa = PBXFileSystemSynchronizedRootGroup;
			path = PushTestTests;
			sourceTree = "<group>";
		};
		73B1E60C2E1FE52B00DBB7C5 /* PushTestUITests */ = {
			isa = PBXFileSystemSynchronizedRootGroup;
			path = PushTestUITests;
			sourceTree = "<group>";
		};
/* End PBXFileSystemSynchronizedRootGroup section */

/* Begin PBXFrameworksBuildPhase section */
		73B1E5EF2E1FE52A00DBB7C5 /* Frameworks */ = {
			isa = PBXFrameworksBuildPhase;
			buildActionMask = 2147483647;
			files = (
			);
			runOnlyForDeploymentPostprocessing = 0;
		};
		73B1E5FC2E1FE52B00DBB7C5 /* Frameworks */ = {
			isa = PBXFrameworksBuildPhase;
			buildActionMask = 2147483647;
			files = (
			);
			runOnlyForDeploymentPostprocessing = 0;
		};
		73B1E6062E1FE52B00DBB7C5 /* Frameworks */ = {
			isa = PBXFrameworksBuildPhase;
			buildActionMask = 2147483647;
			files = (
			);
			runOnlyForDeploymentPostprocessing = 0;
		};
/* End PBXFrameworksBuildPhase section */

/* Begin PBXGroup section */
		73B1E5E92E1FE52A00DBB7C5 = {
			isa = PBXGroup;
			children = (
				73B1E5F42E1FE52A00DBB7C5 /* PushTest */,
				73B1E6022E1FE52B00DBB7C5 /* PushTestTests */,
				73B1E60C2E1FE52B00DBB7C5 /* PushTestUITests */,
				73B1E5F32E1FE52A00DBB7C5 /* Products */,
			);
			sourceTree = "<group>";
		};
		73B1E5F32E1FE52A00DBB7C5 /* Products */ = {
			isa = PBXGroup;
			children = (
				73B1E5F22E1FE52A00DBB7C5 /* PushTest.app */,
				73B1E5FF2E1FE52B00DBB7C5 /* PushTestTests.xctest */,
				73B1E6092E1FE52B00DBB7C5 /* PushTestUITests.xctest */,
			);
			name = Products;
			sourceTree = "<group>";
		};
/* End PBXGroup section */

/* Begin PBXNativeTarget section */
		73B1E5F12E1FE52A00DBB7C5 /* PushTest */ = {
			isa = PBXNativeTarget;
			buildConfigurationList = 73B1E6132E1FE52B00DBB7C5 /* Build configuration list for PBXNativeTarget "PushTest" */;
			buildPhases = (
				73B1E5EE2E1FE52A00DBB7C5 /* Sources */,
				73B1E5EF2E1FE52A00DBB7C5 /* Frameworks */,
				73B1E5F02E1FE52A00DBB7C5 /* Resources */,
			);
			buildRules = (
			);
			dependencies = (
			);
			fileSystemSynchronizedGroups = (
				73B1E5F42E1FE52A00DBB7C5 /* PushTest */,
			);
			name = PushTest;
			packageProductDependencies = (
			);
			productName = PushTest;
			productReference = 73B1E5F22E1FE52A00DBB7C5 /* PushTest.app */;
			productType = "com.apple.product-type.application";
		};
		73B1E5FE2E1FE52B00DBB7C5 /* PushTestTests */ = {
			isa = PBXNativeTarget;
			buildConfigurationList = 73B1E6162E1FE52B00DBB7C5 /* Build configuration list for PBXNativeTarget "PushTestTests" */;
			buildPhases = (
				73B1E5FB2E1FE52B00DBB7C5 /* Sources */,
				73B1E5FC2E1FE52B00DBB7C5 /* Frameworks */,
				73B1E5FD2E1FE52B00DBB7C5 /* Resources */,
			);
			buildRules = (
			);
			dependencies = (
				73B1E6012E1FE52B00DBB7C5 /* PBXTargetDependency */,
			);
			fileSystemSynchronizedGroups = (
				73B1E6022E1FE52B00DBB7C5 /* PushTestTests */,
			);
			name = PushTestTests;
			packageProductDependencies = (
			);
			productName = PushTestTests;
			productReference = 73B1E5FF2E1FE52B00DBB7C5 /* PushTestTests.xctest */;
			productType = "com.apple.product-type.bundle.unit-test";
		};
		73B1E6082E1FE52B00DBB7C5 /* PushTestUITests */ = {
			isa = PBXNativeTarget;
			buildConfigurationList = 73B1E6192E1FE52B00DBB7C5 /* Build configuration list for PBXNativeTarget "PushTestUITests" */;
			buildPhases = (
				73B1E6052E1FE52B00DBB7C5 /* Sources */,
				73B1E6062E1FE52B00DBB7C5 /* Frameworks */,
				73B1E6072E1FE52B00DBB7C5 /* Resources */,
			);
			buildRules = (
			);
			dependencies = (
				73B1E60B2E1FE52B00DBB7C5 /* PBXTargetDependency */,
			);
			fileSystemSynchronizedGroups = (
				73B1E60C2E1FE52B00DBB7C5 /* PushTestUITests */,
			);
			name = PushTestUITests;
			packageProductDependencies = (
			);
			productName = PushTestUITests;
			productReference = 73B1E6092E1FE52B00DBB7C5 /* PushTestUITests.xctest */;
			productType = "com.apple.product-type.bundle.ui-testing";
		};
/* End PBXNativeTarget section */

/* Begin PBXProject section */
		73B1E5EA2E1FE52A00DBB7C5 /* Project object */ = {
			isa = PBXProject;
			attributes = {
				BuildIndependentTargetsInParallel = 1;
				LastSwiftUpdateCheck = 1640;
				LastUpgradeCheck = 1640;
				TargetAttributes = {
					73B1E5F12E1FE52A00DBB7C5 = {
						CreatedOnToolsVersion = 16.4;
					};
					73B1E5FE2E1FE52B00DBB7C5 = {
						CreatedOnToolsVersion = 16.4;
						TestTargetID = 73B1E5F12E1FE52A00DBB7C5;
					};
					73B1E6082E1FE52B00DBB7C5 = {
						CreatedOnToolsVersion = 16.4;
						TestTargetID = 73B1E5F12E1FE52A00DBB7C5;
					};
				};
			};
			buildConfigurationList = 73B1E5ED2E1FE52A00DBB7C5 /* Build configuration list for PBXProject "PushTest" */;
			developmentRegion = en;
			hasScannedForEncodings = 0;
			knownRegions = (
				en,
				Base,
			);
			mainGroup = 73B1E5E92E1FE52A00DBB7C5;
			minimizedProjectReferenceProxies = 1;
			preferredProjectObjectVersion = 77;
			productRefGroup = 73B1E5F32E1FE52A00DBB7C5 /* Products */;
			projectDirPath = "";
			projectRoot = "";
			targets = (
				73B1E5F12E1FE52A00DBB7C5 /* PushTest */,
				73B1E5FE2E1FE52B00DBB7C5 /* PushTestTests */,
				73B1E6082E1FE52B00DBB7C5 /* PushTestUITests */,
			);
		};
/* End PBXProject section */

/* Begin PBXResourcesBuildPhase section */
		73B1E5F02E1FE52A00DBB7C5 /* Resources */ = {
			isa = PBXResourcesBuildPhase;
			buildActionMask = 2147483647;
			files = (
			);
			runOnlyForDeploymentPostprocessing = 0;
		};
		73B1E5FD2E1FE52B00DBB7C5 /* Resources */ = {
			isa = PBXResourcesBuildPhase;
			buildActionMask = 2147483647;
			files = (
			);
			runOnlyForDeploymentPostprocessing = 0;
		};
		73B1E6072E1FE52B00DBB7C5 /* Resources */ = {
			isa = PBXResourcesBuildPhase;
			buildActionMask = 2147483647;
			files = (
			);
			runOnlyForDeploymentPostprocessing = 0;
		};
/* End PBXResourcesBuildPhase section */

/* Begin PBXSourcesBuildPhase section */
		73B1E5EE2E1FE52A00DBB7C5 /* Sources */ = {
			isa = PBXSourcesBuildPhase;
			buildActionMask = 2147483647;
			files = (
			);
			runOnlyForDeploymentPostprocessing = 0;
		};
		73B1E5FB2E1FE52B00DBB7C5 /* Sources */ = {
			isa = PBXSourcesBuildPhase;
			buildActionMask = 2147483647;
			files = (
			);
			runOnlyForDeploymentPostprocessing = 0;
		};
		73B1E6052E1FE52B00DBB7C5 /* Sources */ = {
			isa = PBXSourcesBuildPhase;
			buildActionMask = 2147483647;
			files = (
			);
			runOnlyForDeploymentPostprocessing = 0;
		};
/* End PBXSourcesBuildPhase section */

/* Begin PBXTargetDependency section */
		73B1E6012E1FE52B00DBB7C5 /* PBXTargetDependency */ = {
			isa = PBXTargetDependency;
			target = 73B1E5F12E1FE52A00DBB7C5 /* PushTest */;
			targetProxy = 73B1E6002E1FE52B00DBB7C5 /* PBXContainerItemProxy */;
		};
		73B1E60B2E1FE52B00DBB7C5 /* PBXTargetDependency */ = {
			isa = PBXTargetDependency;
			target = 73B1E5F12E1FE52A00DBB7C5 /* PushTest */;
			targetProxy = 73B1E60A2E1FE52B00DBB7C5 /* PBXContainerItemProxy */;
		};
/* End PBXTargetDependency section */

/* Begin XCBuildConfiguration section */
		73B1E6112E1FE52B00DBB7C5 /* Debug */ = {
			isa = XCBuildConfiguration;
			buildSettings = {
				ALWAYS_SEARCH_USER_PATHS = NO;
				ASSETCATALOG_COMPILER_GENERATE_SWIFT_ASSET_SYMBOL_EXTENSIONS = YES;
				CLANG_ANALYZER_NONNULL = YES;
				CLANG_ANALYZER_NUMBER_OBJECT_CONVERSION = YES_AGGRESSIVE;
				CLANG_CXX_LANGUAGE_STANDARD = "gnu++20";
				CLANG_ENABLE_MODULES = YES;
				CLANG_ENABLE_OBJC_ARC = YES;
				CLANG_ENABLE_OBJC_WEAK = YES;
				CLANG_WARN_BLOCK_CAPTURE_AUTORELEASING = YES;
				CLANG_WARN_BOOL_CONVERSION = YES;
				CLANG_WARN_COMMA = YES;
				CLANG_WARN_CONSTANT_CONVERSION = YES;
				CLANG_WARN_DEPRECATED_OBJC_IMPLEMENTATIONS = YES;
				CLANG_WARN_DIRECT_OBJC_ISA_USAGE = YES_ERROR;
				CLANG_WARN_DOCUMENTATION_COMMENTS = YES;
				CLANG_WARN_EMPTY_BODY = YES;
				CLANG_WARN_ENUM_CONVERSION = YES;
				CLANG_WARN_INFINITE_RECURSION = YES;
				CLANG_WARN_INT_CONVERSION = YES;
				CLANG_WARN_NON_LITERAL_NULL_CONVERSION = YES;
				CLANG_WARN_OBJC_IMPLICIT_RETAIN_SELF = YES;
				CLANG_WARN_OBJC_LITERAL_CONVERSION = YES;
				CLANG_WARN_OBJC_ROOT_CLASS = YES_ERROR;
				CLANG_WARN_QUOTED_INCLUDE_IN_FRAMEWORK_HEADER = YES;
				CLANG_WARN_RANGE_LOOP_ANALYSIS = YES;
				CLANG_WARN_STRICT_PROTOTYPES = YES;
				CLANG_WARN_SUSPICIOUS_MOVE = YES;
				CLANG_WARN_UNGUARDED_AVAILABILITY = YES_AGGRESSIVE;
				CLANG_WARN_UNREACHABLE_CODE = YES;
				CLANG_WARN__DUPLICATE_METHOD_MATCH = YES;
				COPY_PHASE_STRIP = NO;
				DEBUG_INFORMATION_FORMAT = dwarf;
				DEVELOPMENT_TEAM = V4AHM348Q7;
				ENABLE_STRICT_OBJC_MSGSEND = YES;
				ENABLE_TESTABILITY = YES;
				ENABLE_USER_SCRIPT_SANDBOXING = YES;
				GCC_C_LANGUAGE_STANDARD = gnu17;
				GCC_DYNAMIC_NO_PIC = NO;
				GCC_NO_COMMON_BLOCKS = YES;
				GCC_OPTIMIZATION_LEVEL = 0;
				GCC_PREPROCESSOR_DEFINITIONS = (
					"DEBUG=1",
					"$(inherited)",
				);
				GCC_WARN_64_TO_32_BIT_CONVERSION = YES;
				GCC_WARN_ABOUT_RETURN_TYPE = YES_ERROR;
				GCC_WARN_UNDECLARED_SELECTOR = YES;
				GCC_WARN_UNINITIALIZED_AUTOS = YES_AGGRESSIVE;
				GCC_WARN_UNUSED_FUNCTION = YES;
				GCC_WARN_UNUSED_VARIABLE = YES;
				IPHONEOS_DEPLOYMENT_TARGET = 18.5;
				LOCALIZATION_PREFERS_STRING_CATALOGS = YES;
				MTL_ENABLE_DEBUG_INFO = INCLUDE_SOURCE;
				MTL_FAST_MATH = YES;
				ONLY_ACTIVE_ARCH = YES;
				SDKROOT = iphoneos;
				SWIFT_ACTIVE_COMPILATION_CONDITIONS = "DEBUG $(inherited)";
				SWIFT_OPTIMIZATION_LEVEL = "-Onone";
			};
			name = Debug;
		};
		73B1E6122E1FE52B00DBB7C5 /* Release */ = {
			isa = XCBuildConfiguration;
			buildSettings = {
				ALWAYS_SEARCH_USER_PATHS = NO;
				ASSETCATALOG_COMPILER_GENERATE_SWIFT_ASSET_SYMBOL_EXTENSIONS = YES;
				CLANG_ANALYZER_NONNULL = YES;
				CLANG_ANALYZER_NUMBER_OBJECT_CONVERSION = YES_AGGRESSIVE;
				CLANG_CXX_LANGUAGE_STANDARD = "gnu++20";
				CLANG_ENABLE_MODULES = YES;
				CLANG_ENABLE_OBJC_ARC = YES;
				CLANG_ENABLE_OBJC_WEAK = YES;
				CLANG_WARN_BLOCK_CAPTURE_AUTORELEASING = YES;
				CLANG_WARN_BOOL_CONVERSION = YES;
				CLANG_WARN_COMMA = YES;
				CLANG_WARN_CONSTANT_CONVERSION = YES;
				CLANG_WARN_DEPRECATED_OBJC_IMPLEMENTATIONS = YES;
				CLANG_WARN_DIRECT_OBJC_ISA_USAGE = YES_ERROR;
				CLANG_WARN_DOCUMENTATION_COMMENTS = YES;
				CLANG_WARN_EMPTY_BODY = YES;
				CLANG_WARN_ENUM_CONVERSION = YES;
				CLANG_WARN_INFINITE_RECURSION = YES;
				CLANG_WARN_INT_CONVERSION = YES;
				CLANG_WARN_NON_LITERAL_NULL_CONVERSION = YES;
				CLANG_WARN_OBJC_IMPLICIT_RETAIN_SELF = YES;
				CLANG_WARN_OBJC_LITERAL_CONVERSION = YES;
				CLANG_WARN_OBJC_ROOT_CLASS = YES_ERROR;
				CLANG_WARN_QUOTED_INCLUDE_IN_FRAMEWORK_HEADER = YES;
				CLANG_WARN_RANGE_LOOP_ANALYSIS = YES;
				CLANG_WARN_STRICT_PROTOTYPES = YES;
				CLANG_WARN_SUSPICIOUS_MOVE = YES;
				CLANG_WARN_UNGUARDED_AVAILABILITY = YES_AGGRESSIVE;
				CLANG_WARN_UNREACHABLE_CODE = YES;
				CLANG_WARN__DUPLICATE_METHOD_MATCH = YES;
				COPY_PHASE_STRIP = NO;
				DEBUG_INFORMATION_FORMAT = "dwarf-with-dsym";
				DEVELOPMENT_TEAM = V4AHM348Q7;
				ENABLE_NS_ASSERTIONS = NO;
				ENABLE_STRICT_OBJC_MSGSEND = YES;
				ENABLE_USER_SCRIPT_SANDBOXING = YES;
				GCC_C_LANGUAGE_STANDARD = gnu17;
				GCC_NO_COMMON_BLOCKS = YES;
				GCC_WARN_64_TO_32_BIT_CONVERSION = YES;
				GCC_WARN_ABOUT_RETURN_TYPE = YES_ERROR;
				GCC_WARN_UNDECLARED_SELECTOR = YES;
				GCC_WARN_UNINITIALIZED_AUTOS = YES_AGGRESSIVE;
				GCC_WARN_UNUSED_FUNCTION = YES;
				GCC_WARN_UNUSED_VARIABLE = YES;
				IPHONEOS_DEPLOYMENT_TARGET = 18.5;
				LOCALIZATION_PREFERS_STRING_CATALOGS = YES;
				MTL_ENABLE_DEBUG_INFO = NO;
				MTL_FAST_MATH = YES;
				SDKROOT = iphoneos;
				SWIFT_COMPILATION_MODE = wholemodule;
				VALIDATE_PRODUCT = YES;
			};
			name = Release;
		};
		73B1E6142E1FE52B00DBB7C5 /* Debug */ = {
			isa = XCBuildConfiguration;
			buildSettings = {
				ASSETCATALOG_COMPILER_APPICON_NAME = AppIcon;
				ASSETCATALOG_COMPILER_GLOBAL_ACCENT_COLOR_NAME = AccentColor;
				CODE_SIGN_ENTITLEMENTS = PushTest/PushTest.entitlements;
				CODE_SIGN_IDENTITY = "Apple Development";
				"CODE_SIGN_IDENTITY[sdk=iphoneos*]" = "iPhone Developer";
				CODE_SIGN_STYLE = Manual;
				CURRENT_PROJECT_VERSION = 1;
				DEVELOPMENT_TEAM = "";
				"DEVELOPMENT_TEAM[sdk=iphoneos*]" = LKH5CU6LZ5;
				ENABLE_PREVIEWS = YES;
				GENERATE_INFOPLIST_FILE = YES;
				INFOPLIST_FILE = PushTest/Info.plist;
				INFOPLIST_KEY_UIApplicationSceneManifest_Generation = YES;
				INFOPLIST_KEY_UIApplicationSupportsIndirectInputEvents = YES;
				INFOPLIST_KEY_UILaunchScreen_Generation = YES;
				INFOPLIST_KEY_UISupportedInterfaceOrientations_iPad = "UIInterfaceOrientationPortrait UIInterfaceOrientationPortraitUpsideDown UIInterfaceOrientationLandscapeLeft UIInterfaceOrientationLandscapeRight";
				INFOPLIST_KEY_UISupportedInterfaceOrientations_iPhone = "UIInterfaceOrientationPortrait UIInterfaceOrientationLandscapeLeft UIInterfaceOrientationLandscapeRight";
				IPHONEOS_DEPLOYMENT_TARGET = 16.6;
				LD_RUNPATH_SEARCH_PATHS = (
					"$(inherited)",
					"@executable_path/Frameworks",
				);
				MARKETING_VERSION = 1.0;
				PRODUCT_BUNDLE_IDENTIFIER = com.parappattu.ios;
				PRODUCT_NAME = "$(TARGET_NAME)";
				PROVISIONING_PROFILE_SPECIFIER = "";
				"PROVISIONING_PROFILE_SPECIFIER[sdk=iphoneos*]" = parappattu_iOS_developement_profile;
				SWIFT_EMIT_LOC_STRINGS = YES;
				SWIFT_VERSION = 5.0;
				TARGETED_DEVICE_FAMILY = "1,2";
			};
			name = Debug;
		};
		73B1E6152E1FE52B00DBB7C5 /* Release */ = {
			isa = XCBuildConfiguration;
			buildSettings = {
				ASSETCATALOG_COMPILER_APPICON_NAME = AppIcon;
				ASSETCATALOG_COMPILER_GLOBAL_ACCENT_COLOR_NAME = AccentColor;
				CODE_SIGN_ENTITLEMENTS = PushTest/PushTest.entitlements;
				CODE_SIGN_IDENTITY = "Apple Development";
				"CODE_SIGN_IDENTITY[sdk=iphoneos*]" = "iPhone Developer";
				CODE_SIGN_STYLE = Manual;
				CURRENT_PROJECT_VERSION = 1;
				DEVELOPMENT_TEAM = "";
				"DEVELOPMENT_TEAM[sdk=iphoneos*]" = LKH5CU6LZ5;
				ENABLE_PREVIEWS = YES;
				GENERATE_INFOPLIST_FILE = YES;
				INFOPLIST_FILE = PushTest/Info.plist;
				INFOPLIST_KEY_UIApplicationSceneManifest_Generation = YES;
				INFOPLIST_KEY_UIApplicationSupportsIndirectInputEvents = YES;
				INFOPLIST_KEY_UILaunchScreen_Generation = YES;
				INFOPLIST_KEY_UISupportedInterfaceOrientations_iPad = "UIInterfaceOrientationPortrait UIInterfaceOrientationPortraitUpsideDown UIInterfaceOrientationLandscapeLeft UIInterfaceOrientationLandscapeRight";
				INFOPLIST_KEY_UISupportedInterfaceOrientations_iPhone = "UIInterfaceOrientationPortrait UIInterfaceOrientationLandscapeLeft UIInterfaceOrientationLandscapeRight";
				IPHONEOS_DEPLOYMENT_TARGET = 16.6;
				LD_RUNPATH_SEARCH_PATHS = (
					"$(inherited)",
					"@executable_path/Frameworks",
				);
				MARKETING_VERSION = 1.0;
				PRODUCT_BUNDLE_IDENTIFIER = com.parappattu.ios;
				PRODUCT_NAME = "$(TARGET_NAME)";
				PROVISIONING_PROFILE_SPECIFIER = "";
				"PROVISIONING_PROFILE_SPECIFIER[sdk=iphoneos*]" = parappattu_iOS_developement_profile;
				SWIFT_EMIT_LOC_STRINGS = YES;
				SWIFT_VERSION = 5.0;
				TARGETED_DEVICE_FAMILY = "1,2";
			};
			name = Release;
		};
		73B1E6172E1FE52B00DBB7C5 /* Debug */ = {
			isa = XCBuildConfiguration;
			buildSettings = {
				BUNDLE_LOADER = "$(TEST_HOST)";
				CODE_SIGN_STYLE = Automatic;
				CURRENT_PROJECT_VERSION = 1;
				DEVELOPMENT_TEAM = V4AHM348Q7;
				GENERATE_INFOPLIST_FILE = YES;
				IPHONEOS_DEPLOYMENT_TARGET = 18.5;
				MARKETING_VERSION = 1.0;
				PRODUCT_BUNDLE_IDENTIFIER = com.parappattu.ios.PushTestTests;
				PRODUCT_NAME = "$(TARGET_NAME)";
				SWIFT_EMIT_LOC_STRINGS = NO;
				SWIFT_VERSION = 5.0;
				TARGETED_DEVICE_FAMILY = "1,2";
				TEST_HOST = "$(BUILT_PRODUCTS_DIR)/PushTest.app/$(BUNDLE_EXECUTABLE_FOLDER_PATH)/PushTest";
			};
			name = Debug;
		};
		73B1E6182E1FE52B00DBB7C5 /* Release */ = {
			isa = XCBuildConfiguration;
			buildSettings = {
				BUNDLE_LOADER = "$(TEST_HOST)";
				CODE_SIGN_STYLE = Automatic;
				CURRENT_PROJECT_VERSION = 1;
				DEVELOPMENT_TEAM = V4AHM348Q7;
				GENERATE_INFOPLIST_FILE = YES;
				IPHONEOS_DEPLOYMENT_TARGET = 18.5;
				MARKETING_VERSION = 1.0;
				PRODUCT_BUNDLE_IDENTIFIER = com.parappattu.ios.PushTestTests;
				PRODUCT_NAME = "$(TARGET_NAME)";
				SWIFT_EMIT_LOC_STRINGS = NO;
				SWIFT_VERSION = 5.0;
				TARGETED_DEVICE_FAMILY = "1,2";
				TEST_HOST = "$(BUILT_PRODUCTS_DIR)/PushTest.app/$(BUNDLE_EXECUTABLE_FOLDER_PATH)/PushTest";
			};
			name = Release;
		};
		73B1E61A2E1FE52B00DBB7C5 /* Debug */ = {
			isa = XCBuildConfiguration;
			buildSettings = {
				CODE_SIGN_STYLE = Automatic;
				CURRENT_PROJECT_VERSION = 1;
				DEVELOPMENT_TEAM = V4AHM348Q7;
				GENERATE_INFOPLIST_FILE = YES;
				MARKETING_VERSION = 1.0;
				PRODUCT_BUNDLE_IDENTIFIER = com.parappattu.ios.PushTestUITests;
				PRODUCT_NAME = "$(TARGET_NAME)";
				SWIFT_EMIT_LOC_STRINGS = NO;
				SWIFT_VERSION = 5.0;
				TARGETED_DEVICE_FAMILY = "1,2";
				TEST_TARGET_NAME = PushTest;
			};
			name = Debug;
		};
		73B1E61B2E1FE52B00DBB7C5 /* Release */ = {
			isa = XCBuildConfiguration;
			buildSettings = {
				CODE_SIGN_STYLE = Automatic;
				CURRENT_PROJECT_VERSION = 1;
				DEVELOPMENT_TEAM = V4AHM348Q7;
				GENERATE_INFOPLIST_FILE = YES;
				MARKETING_VERSION = 1.0;
				PRODUCT_BUNDLE_IDENTIFIER = com.parappattu.ios.PushTestUITests;
				PRODUCT_NAME = "$(TARGET_NAME)";
				SWIFT_EMIT_LOC_STRINGS = NO;
				SWIFT_VERSION = 5.0;
				TARGETED_DEVICE_FAMILY = "1,2";
				TEST_TARGET_NAME = PushTest;
			};
			name = Release;
		};
/* End XCBuildConfiguration section */

/* Begin XCConfigurationList section */
		73B1E5ED2E1FE52A00DBB7C5 /* Build configuration list for PBXProject "PushTest" */ = {
			isa = XCConfigurationList;
			buildConfigurations = (
				73B1E6112E1FE52B00DBB7C5 /* Debug */,
				73B1E6122E1FE52B00DBB7C5 /* Release */,
			);
			defaultConfigurationIsVisible = 0;
			defaultConfigurationName = Release;
		};
		73B1E6132E1FE52B00DBB7C5 /* Build configuration list for PBXNativeTarget "PushTest" */ = {
			isa = XCConfigurationList;
			buildConfigurations = (
				73B1E6142E1FE52B00DBB7C5 /* Debug */,
				73B1E6152E1FE52B00DBB7C5 /* Release */,
			);
			defaultConfigurationIsVisible = 0;
			defaultConfigurationName = Release;
		};
		73B1E6162E1FE52B00DBB7C5 /* Build configuration list for PBXNativeTarget "PushTestTests" */ = {
			isa = XCConfigurationList;
			buildConfigurations = (
				73B1E6172E1FE52B00DBB7C5 /* Debug */,
				73B1E6182E1FE52B00DBB7C5 /* Release */,
			);
			defaultConfigurationIsVisible = 0;
			defaultConfigurationName = Release;
		};
		73B1E6192E1FE52B00DBB7C5 /* Build configuration list for PBXNativeTarget "PushTestUITests" */ = {
			isa = XCConfigurationList;
			buildConfigurations = (
				73B1E61A2E1FE52B00DBB7C5 /* Debug */,
				73B1E61B2E1FE52B00DBB7C5 /* Release */,
			);
			defaultConfigurationIsVisible = 0;
			defaultConfigurationName = Release;
		};
/* End XCConfigurationList section */
	};
	rootObject = 73B1E5EA2E1FE52A00DBB7C5 /* Project object */;
}
